// !$*UTF8*$!
{
	archiveVersion = 1;
	classes = {
	};
	objectVersion = 46;
	objects = {

/* Begin PBXBuildFile section */
		6E0D85831EC6E84D000E7283 /* AppDelegateTests.swift in Sources */ = {isa = PBXBuildFile; fileRef = 6E0D85821EC6E84D000E7283 /* AppDelegateTests.swift */; };
		6E0D85871EC6EF83000E7283 /* WindowRootRouterTests.swift in Sources */ = {isa = PBXBuildFile; fileRef = 6E0D85861EC6EF83000E7283 /* WindowRootRouterTests.swift */; };
		6E0D858A1EC6F022000E7283 /* WindowRootRouter.swift.swift in Sources */ = {isa = PBXBuildFile; fileRef = 6E0D85891EC6F022000E7283 /* WindowRootRouter.swift.swift */; };
		6E0D858F1EC6F159000E7283 /* HomepageViewController.swift in Sources */ = {isa = PBXBuildFile; fileRef = 6E0D858D1EC6F159000E7283 /* HomepageViewController.swift */; };
		6E0D85901EC6F159000E7283 /* HomepageViewController.xib in Resources */ = {isa = PBXBuildFile; fileRef = 6E0D858E1EC6F159000E7283 /* HomepageViewController.xib */; };
		6E0D85921EC6F2CA000E7283 /* HomepageRouter.swift in Sources */ = {isa = PBXBuildFile; fileRef = 6E0D85911EC6F2CA000E7283 /* HomepageRouter.swift */; };
		6E0D85981EC839FA000E7283 /* AppFactory.swift in Sources */ = {isa = PBXBuildFile; fileRef = 6E0D85971EC839FA000E7283 /* AppFactory.swift */; };
		6E0D859A1EC83B36000E7283 /* AppFactoryTestDoubles.swift in Sources */ = {isa = PBXBuildFile; fileRef = 6E0D85991EC83B36000E7283 /* AppFactoryTestDoubles.swift */; };
		6E0D85A01EC83C02000E7283 /* AppTestDoubles.swift in Sources */ = {isa = PBXBuildFile; fileRef = 6E0D859F1EC83C02000E7283 /* AppTestDoubles.swift */; };
		6E0D85A21EC83C2F000E7283 /* App.swift in Sources */ = {isa = PBXBuildFile; fileRef = 6E0D85A11EC83C2F000E7283 /* App.swift */; };
		6E0D85A41EC83DF0000E7283 /* PhoneAppFactory.swift in Sources */ = {isa = PBXBuildFile; fileRef = 6E0D85A31EC83DF0000E7283 /* PhoneAppFactory.swift */; };
		6E0D85A61EC8F864000E7283 /* PhoneAppTests.swift in Sources */ = {isa = PBXBuildFile; fileRef = 6E0D85A51EC8F864000E7283 /* PhoneAppTests.swift */; };
		6E0D85A81EC8F9CE000E7283 /* RootRouter.swift in Sources */ = {isa = PBXBuildFile; fileRef = 6E0D85A71EC8F9CE000E7283 /* RootRouter.swift */; };
		6E0D85AA1EC8FA63000E7283 /* RootRouterTestDoubles.swift in Sources */ = {isa = PBXBuildFile; fileRef = 6E0D85A91EC8FA63000E7283 /* RootRouterTestDoubles.swift */; };
		6E0D85AC1EC8FA79000E7283 /* PhoneApp.swift in Sources */ = {isa = PBXBuildFile; fileRef = 6E0D85AB1EC8FA79000E7283 /* PhoneApp.swift */; };
		6E0D85AE1EC8FD66000E7283 /* HomepageViewControllerTests.swift in Sources */ = {isa = PBXBuildFile; fileRef = 6E0D85AD1EC8FD66000E7283 /* HomepageViewControllerTests.swift */; };
		6E0D85B21EC9715D000E7283 /* HomepageServiceTestDoubles.swift in Sources */ = {isa = PBXBuildFile; fileRef = 6E0D85B11EC9715D000E7283 /* HomepageServiceTestDoubles.swift */; };
		6E0D85B61EC9719C000E7283 /* HomepageService.swift in Sources */ = {isa = PBXBuildFile; fileRef = 6E0D85B51EC9719C000E7283 /* HomepageService.swift */; };
		6E0D85B81EC9738B000E7283 /* HomepageInterface.swift in Sources */ = {isa = PBXBuildFile; fileRef = 6E0D85B71EC9738B000E7283 /* HomepageInterface.swift */; };
		6E0D85BA1EC973DB000E7283 /* HomepageInterfaceTestDoubles.swift in Sources */ = {isa = PBXBuildFile; fileRef = 6E0D85B91EC973DB000E7283 /* HomepageInterfaceTestDoubles.swift */; };
		6E0D85C31EC9A4DF000E7283 /* HomepagePresenter.swift in Sources */ = {isa = PBXBuildFile; fileRef = 6E0D85C21EC9A4DF000E7283 /* HomepagePresenter.swift */; };
		6E0D85C51EC9AC88000E7283 /* HomepageModule.swift in Sources */ = {isa = PBXBuildFile; fileRef = 6E0D85C41EC9AC88000E7283 /* HomepageModule.swift */; };
		6E0D85C71EC9AFBF000E7283 /* StubHomepageItem.swift in Sources */ = {isa = PBXBuildFile; fileRef = 6E0D85C61EC9AFBF000E7283 /* StubHomepageItem.swift */; };
		6E6E61731EC9ED8400964076 /* HomepageViewModel.swift in Sources */ = {isa = PBXBuildFile; fileRef = 6E6E61721EC9ED8400964076 /* HomepageViewModel.swift */; };
		6E6E61751EC9FC4C00964076 /* HomepageCollectionViewDataSource.swift in Sources */ = {isa = PBXBuildFile; fileRef = 6E6E61741EC9FC4C00964076 /* HomepageCollectionViewDataSource.swift */; };
		6E6E61771ECA420A00964076 /* StubHomepageInterfaceViewModel.swift in Sources */ = {isa = PBXBuildFile; fileRef = 6E6E61761ECA420A00964076 /* StubHomepageInterfaceViewModel.swift */; };
		6E6E617A1ECA426100964076 /* Randomness.swift in Sources */ = {isa = PBXBuildFile; fileRef = 6E6E61791ECA426100964076 /* Randomness.swift */; };
		6E6E617F1ECA43FF00964076 /* HomepageItemCollectionViewCell.swift in Sources */ = {isa = PBXBuildFile; fileRef = 6E6E617D1ECA43FF00964076 /* HomepageItemCollectionViewCell.swift */; };
		6E6E61801ECA43FF00964076 /* HomepageItemCollectionViewCell.xib in Resources */ = {isa = PBXBuildFile; fileRef = 6E6E617E1ECA43FF00964076 /* HomepageItemCollectionViewCell.xib */; };
		7840DF7E1ECB19A800A623A7 /* CapturingHomepageServiceLoadingDelegate.swift in Sources */ = {isa = PBXBuildFile; fileRef = 7840DF7D1ECB19A800A623A7 /* CapturingHomepageServiceLoadingDelegate.swift */; };
		7840DF831ECB19D800A623A7 /* NetworkAggregateHomepageService.swift in Sources */ = {isa = PBXBuildFile; fileRef = 7840DF821ECB19D800A623A7 /* NetworkAggregateHomepageService.swift */; };
		7840DF851ECB1BB400A623A7 /* Array.swift in Sources */ = {isa = PBXBuildFile; fileRef = 7840DF841ECB1BB400A623A7 /* Array.swift */; };
		7840DF871ECB1F7F00A623A7 /* NetworkAdapterTestDoubles.swift in Sources */ = {isa = PBXBuildFile; fileRef = 7840DF861ECB1F7F00A623A7 /* NetworkAdapterTestDoubles.swift */; };
		7840DF891ECB78FA00A623A7 /* HomepageFeedTestDoubles.swift in Sources */ = {isa = PBXBuildFile; fileRef = 7840DF881ECB78FA00A623A7 /* HomepageFeedTestDoubles.swift */; };
		7840DF8B1ECB949900A623A7 /* WeasylHomepageFeedTests.swift in Sources */ = {isa = PBXBuildFile; fileRef = 7840DF8A1ECB949900A623A7 /* WeasylHomepageFeedTests.swift */; };
		7840DF8D1ECB974000A623A7 /* WeasylHomepageFeed.swift in Sources */ = {isa = PBXBuildFile; fileRef = 7840DF8C1ECB974000A623A7 /* WeasylHomepageFeed.swift */; };
		7840DF8F1ECB976A00A623A7 /* HomepageFeedDelegateTestDoubles.swift in Sources */ = {isa = PBXBuildFile; fileRef = 7840DF8E1ECB976A00A623A7 /* HomepageFeedDelegateTestDoubles.swift */; };
		7840DF951ECB9F2400A623A7 /* ValidWeasylHomepageResponse.json in Resources */ = {isa = PBXBuildFile; fileRef = 7840DF941ECB9F2400A623A7 /* ValidWeasylHomepageResponse.json */; };
		788B0D0A1ECB17E30035C26A /* NetworkAggregateHomepageServiceTests.swift in Sources */ = {isa = PBXBuildFile; fileRef = 788B0D091ECB17E30035C26A /* NetworkAggregateHomepageServiceTests.swift */; };
		789F10071EC481B100FAF5F1 /* AppDelegate.swift in Sources */ = {isa = PBXBuildFile; fileRef = 789F10061EC481B100FAF5F1 /* AppDelegate.swift */; };
		789F100E1EC481B100FAF5F1 /* Assets.xcassets in Resources */ = {isa = PBXBuildFile; fileRef = 789F100D1EC481B100FAF5F1 /* Assets.xcassets */; };
		789F10111EC481B100FAF5F1 /* LaunchScreen.storyboard in Resources */ = {isa = PBXBuildFile; fileRef = 789F100F1EC481B100FAF5F1 /* LaunchScreen.storyboard */; };
/* End PBXBuildFile section */

/* Begin PBXContainerItemProxy section */
		789F10181EC481B100FAF5F1 /* PBXContainerItemProxy */ = {
			isa = PBXContainerItemProxy;
			containerPortal = 789F0FFB1EC481B100FAF5F1 /* Project object */;
			proxyType = 1;
			remoteGlobalIDString = 789F10021EC481B100FAF5F1;
			remoteInfo = Peekazoo;
		};
/* End PBXContainerItemProxy section */

/* Begin PBXFileReference section */
		6E0D85821EC6E84D000E7283 /* AppDelegateTests.swift */ = {isa = PBXFileReference; fileEncoding = 4; lastKnownFileType = sourcecode.swift; path = AppDelegateTests.swift; sourceTree = "<group>"; };
		6E0D85861EC6EF83000E7283 /* WindowRootRouterTests.swift */ = {isa = PBXFileReference; fileEncoding = 4; lastKnownFileType = sourcecode.swift; path = WindowRootRouterTests.swift; sourceTree = "<group>"; };
		6E0D85891EC6F022000E7283 /* WindowRootRouter.swift.swift */ = {isa = PBXFileReference; fileEncoding = 4; lastKnownFileType = sourcecode.swift; path = WindowRootRouter.swift.swift; sourceTree = "<group>"; };
		6E0D858D1EC6F159000E7283 /* HomepageViewController.swift */ = {isa = PBXFileReference; fileEncoding = 4; lastKnownFileType = sourcecode.swift; name = HomepageViewController.swift; path = "View Controllers/Homepage/HomepageViewController.swift"; sourceTree = "<group>"; };
		6E0D858E1EC6F159000E7283 /* HomepageViewController.xib */ = {isa = PBXFileReference; fileEncoding = 4; lastKnownFileType = file.xib; name = HomepageViewController.xib; path = "View Controllers/Homepage/HomepageViewController.xib"; sourceTree = "<group>"; };
		6E0D85911EC6F2CA000E7283 /* HomepageRouter.swift */ = {isa = PBXFileReference; fileEncoding = 4; lastKnownFileType = sourcecode.swift; path = HomepageRouter.swift; sourceTree = "<group>"; };
		6E0D85971EC839FA000E7283 /* AppFactory.swift */ = {isa = PBXFileReference; fileEncoding = 4; lastKnownFileType = sourcecode.swift; name = AppFactory.swift; path = Core/AppFactory.swift; sourceTree = "<group>"; };
		6E0D85991EC83B36000E7283 /* AppFactoryTestDoubles.swift */ = {isa = PBXFileReference; fileEncoding = 4; lastKnownFileType = sourcecode.swift; name = AppFactoryTestDoubles.swift; path = "Test Doubles/AppFactoryTestDoubles.swift"; sourceTree = "<group>"; };
		6E0D859F1EC83C02000E7283 /* AppTestDoubles.swift */ = {isa = PBXFileReference; fileEncoding = 4; lastKnownFileType = sourcecode.swift; name = AppTestDoubles.swift; path = "Test Doubles/AppTestDoubles.swift"; sourceTree = "<group>"; };
		6E0D85A11EC83C2F000E7283 /* App.swift */ = {isa = PBXFileReference; fileEncoding = 4; lastKnownFileType = sourcecode.swift; name = App.swift; path = Core/App.swift; sourceTree = "<group>"; };
		6E0D85A31EC83DF0000E7283 /* PhoneAppFactory.swift */ = {isa = PBXFileReference; fileEncoding = 4; lastKnownFileType = sourcecode.swift; name = PhoneAppFactory.swift; path = Core/PhoneAppFactory.swift; sourceTree = "<group>"; };
		6E0D85A51EC8F864000E7283 /* PhoneAppTests.swift */ = {isa = PBXFileReference; fileEncoding = 4; lastKnownFileType = sourcecode.swift; path = PhoneAppTests.swift; sourceTree = "<group>"; };
		6E0D85A71EC8F9CE000E7283 /* RootRouter.swift */ = {isa = PBXFileReference; fileEncoding = 4; lastKnownFileType = sourcecode.swift; name = RootRouter.swift; path = Core/RootRouter.swift; sourceTree = "<group>"; };
		6E0D85A91EC8FA63000E7283 /* RootRouterTestDoubles.swift */ = {isa = PBXFileReference; fileEncoding = 4; lastKnownFileType = sourcecode.swift; name = RootRouterTestDoubles.swift; path = "Test Doubles/RootRouterTestDoubles.swift"; sourceTree = "<group>"; };
		6E0D85AB1EC8FA79000E7283 /* PhoneApp.swift */ = {isa = PBXFileReference; fileEncoding = 4; lastKnownFileType = sourcecode.swift; name = PhoneApp.swift; path = Core/PhoneApp.swift; sourceTree = "<group>"; };
		6E0D85AD1EC8FD66000E7283 /* HomepageViewControllerTests.swift */ = {isa = PBXFileReference; fileEncoding = 4; lastKnownFileType = sourcecode.swift; path = HomepageViewControllerTests.swift; sourceTree = "<group>"; };
		6E0D85B11EC9715D000E7283 /* HomepageServiceTestDoubles.swift */ = {isa = PBXFileReference; fileEncoding = 4; lastKnownFileType = sourcecode.swift; name = HomepageServiceTestDoubles.swift; path = "Test Doubles/HomepageServiceTestDoubles.swift"; sourceTree = "<group>"; };
		6E0D85B51EC9719C000E7283 /* HomepageService.swift */ = {isa = PBXFileReference; fileEncoding = 4; lastKnownFileType = sourcecode.swift; name = HomepageService.swift; path = Core/HomepageService.swift; sourceTree = "<group>"; };
		6E0D85B71EC9738B000E7283 /* HomepageInterface.swift */ = {isa = PBXFileReference; fileEncoding = 4; lastKnownFileType = sourcecode.swift; name = HomepageInterface.swift; path = Core/HomepageInterface.swift; sourceTree = "<group>"; };
		6E0D85B91EC973DB000E7283 /* HomepageInterfaceTestDoubles.swift */ = {isa = PBXFileReference; fileEncoding = 4; lastKnownFileType = sourcecode.swift; name = HomepageInterfaceTestDoubles.swift; path = "Test Doubles/HomepageInterfaceTestDoubles.swift"; sourceTree = "<group>"; };
		6E0D85C21EC9A4DF000E7283 /* HomepagePresenter.swift */ = {isa = PBXFileReference; fileEncoding = 4; lastKnownFileType = sourcecode.swift; name = HomepagePresenter.swift; path = Core/Homepage/HomepagePresenter.swift; sourceTree = "<group>"; };
		6E0D85C41EC9AC88000E7283 /* HomepageModule.swift */ = {isa = PBXFileReference; fileEncoding = 4; lastKnownFileType = sourcecode.swift; name = HomepageModule.swift; path = Core/Homepage/HomepageModule.swift; sourceTree = "<group>"; };
		6E0D85C61EC9AFBF000E7283 /* StubHomepageItem.swift */ = {isa = PBXFileReference; fileEncoding = 4; lastKnownFileType = sourcecode.swift; name = StubHomepageItem.swift; path = "Test Doubles/StubHomepageItem.swift"; sourceTree = "<group>"; };
		6E6E61721EC9ED8400964076 /* HomepageViewModel.swift */ = {isa = PBXFileReference; fileEncoding = 4; lastKnownFileType = sourcecode.swift; name = HomepageViewModel.swift; path = Core/Homepage/HomepageViewModel.swift; sourceTree = "<group>"; };
		6E6E61741EC9FC4C00964076 /* HomepageCollectionViewDataSource.swift */ = {isa = PBXFileReference; fileEncoding = 4; lastKnownFileType = sourcecode.swift; name = HomepageCollectionViewDataSource.swift; path = "View Controllers/Homepage/HomepageCollectionViewDataSource.swift"; sourceTree = "<group>"; };
		6E6E61761ECA420A00964076 /* StubHomepageInterfaceViewModel.swift */ = {isa = PBXFileReference; fileEncoding = 4; lastKnownFileType = sourcecode.swift; name = StubHomepageInterfaceViewModel.swift; path = "Test Doubles/StubHomepageInterfaceViewModel.swift"; sourceTree = "<group>"; };
		6E6E61791ECA426100964076 /* Randomness.swift */ = {isa = PBXFileReference; fileEncoding = 4; lastKnownFileType = sourcecode.swift; name = Randomness.swift; path = Utilities/Randomness.swift; sourceTree = "<group>"; };
		6E6E617D1ECA43FF00964076 /* HomepageItemCollectionViewCell.swift */ = {isa = PBXFileReference; fileEncoding = 4; lastKnownFileType = sourcecode.swift; name = HomepageItemCollectionViewCell.swift; path = "View Controllers/Homepage/HomepageItemCollectionViewCell.swift"; sourceTree = "<group>"; };
		6E6E617E1ECA43FF00964076 /* HomepageItemCollectionViewCell.xib */ = {isa = PBXFileReference; fileEncoding = 4; lastKnownFileType = file.xib; name = HomepageItemCollectionViewCell.xib; path = "View Controllers/Homepage/HomepageItemCollectionViewCell.xib"; sourceTree = "<group>"; };
		7840DF7D1ECB19A800A623A7 /* CapturingHomepageServiceLoadingDelegate.swift */ = {isa = PBXFileReference; fileEncoding = 4; lastKnownFileType = sourcecode.swift; name = CapturingHomepageServiceLoadingDelegate.swift; path = "Test Doubles/CapturingHomepageServiceLoadingDelegate.swift"; sourceTree = "<group>"; };
		7840DF821ECB19D800A623A7 /* NetworkAggregateHomepageService.swift */ = {isa = PBXFileReference; fileEncoding = 4; lastKnownFileType = sourcecode.swift; name = NetworkAggregateHomepageService.swift; path = Core/Homepage/Service/NetworkAggregateHomepageService.swift; sourceTree = "<group>"; };
		7840DF841ECB1BB400A623A7 /* Array.swift */ = {isa = PBXFileReference; fileEncoding = 4; lastKnownFileType = sourcecode.swift; name = Array.swift; path = Utilities/Array.swift; sourceTree = "<group>"; };
		7840DF861ECB1F7F00A623A7 /* NetworkAdapterTestDoubles.swift */ = {isa = PBXFileReference; fileEncoding = 4; lastKnownFileType = sourcecode.swift; name = NetworkAdapterTestDoubles.swift; path = "Test Doubles/NetworkAdapterTestDoubles.swift"; sourceTree = "<group>"; };
		7840DF881ECB78FA00A623A7 /* HomepageFeedTestDoubles.swift */ = {isa = PBXFileReference; fileEncoding = 4; lastKnownFileType = sourcecode.swift; name = HomepageFeedTestDoubles.swift; path = "Test Doubles/HomepageFeedTestDoubles.swift"; sourceTree = "<group>"; };
		7840DF8A1ECB949900A623A7 /* WeasylHomepageFeedTests.swift */ = {isa = PBXFileReference; fileEncoding = 4; lastKnownFileType = sourcecode.swift; path = WeasylHomepageFeedTests.swift; sourceTree = "<group>"; };
		7840DF8C1ECB974000A623A7 /* WeasylHomepageFeed.swift */ = {isa = PBXFileReference; fileEncoding = 4; lastKnownFileType = sourcecode.swift; name = WeasylHomepageFeed.swift; path = Core/Homepage/Service/WeasylHomepageFeed.swift; sourceTree = "<group>"; };
		7840DF8E1ECB976A00A623A7 /* HomepageFeedDelegateTestDoubles.swift */ = {isa = PBXFileReference; fileEncoding = 4; lastKnownFileType = sourcecode.swift; name = HomepageFeedDelegateTestDoubles.swift; path = "Test Doubles/HomepageFeedDelegateTestDoubles.swift"; sourceTree = "<group>"; };
		7840DF941ECB9F2400A623A7 /* ValidWeasylHomepageResponse.json */ = {isa = PBXFileReference; fileEncoding = 4; lastKnownFileType = text.json; name = ValidWeasylHomepageResponse.json; path = "Test Data/ValidWeasylHomepageResponse.json"; sourceTree = "<group>"; };
		788B0D091ECB17E30035C26A /* NetworkAggregateHomepageServiceTests.swift */ = {isa = PBXFileReference; fileEncoding = 4; lastKnownFileType = sourcecode.swift; path = NetworkAggregateHomepageServiceTests.swift; sourceTree = "<group>"; };
		789F10031EC481B100FAF5F1 /* Peekazoo.app */ = {isa = PBXFileReference; explicitFileType = wrapper.application; includeInIndex = 0; path = Peekazoo.app; sourceTree = BUILT_PRODUCTS_DIR; };
		789F10061EC481B100FAF5F1 /* AppDelegate.swift */ = {isa = PBXFileReference; lastKnownFileType = sourcecode.swift; path = AppDelegate.swift; sourceTree = "<group>"; };
		789F100D1EC481B100FAF5F1 /* Assets.xcassets */ = {isa = PBXFileReference; lastKnownFileType = folder.assetcatalog; path = Assets.xcassets; sourceTree = "<group>"; };
		789F10101EC481B100FAF5F1 /* Base */ = {isa = PBXFileReference; lastKnownFileType = file.storyboard; name = Base; path = Base.lproj/LaunchScreen.storyboard; sourceTree = "<group>"; };
		789F10121EC481B100FAF5F1 /* Info.plist */ = {isa = PBXFileReference; lastKnownFileType = text.plist.xml; path = Info.plist; sourceTree = "<group>"; };
		789F10171EC481B100FAF5F1 /* PeekazooTests.xctest */ = {isa = PBXFileReference; explicitFileType = wrapper.cfbundle; includeInIndex = 0; path = PeekazooTests.xctest; sourceTree = BUILT_PRODUCTS_DIR; };
		789F101D1EC481B100FAF5F1 /* Info.plist */ = {isa = PBXFileReference; lastKnownFileType = text.plist.xml; path = Info.plist; sourceTree = "<group>"; };
/* End PBXFileReference section */

/* Begin PBXFrameworksBuildPhase section */
		789F10001EC481B100FAF5F1 /* Frameworks */ = {
			isa = PBXFrameworksBuildPhase;
			buildActionMask = 2147483647;
			files = (
			);
			runOnlyForDeploymentPostprocessing = 0;
		};
		789F10141EC481B100FAF5F1 /* Frameworks */ = {
			isa = PBXFrameworksBuildPhase;
			buildActionMask = 2147483647;
			files = (
			);
			runOnlyForDeploymentPostprocessing = 0;
		};
/* End PBXFrameworksBuildPhase section */

/* Begin PBXGroup section */
		6E0D85841EC6EA01000E7283 /* Supporting Files */ = {
			isa = PBXGroup;
			children = (
				789F101D1EC481B100FAF5F1 /* Info.plist */,
			);
			name = "Supporting Files";
			sourceTree = "<group>";
		};
		6E0D85851EC6EA07000E7283 /* Supporting Files */ = {
			isa = PBXGroup;
			children = (
				789F10121EC481B100FAF5F1 /* Info.plist */,
			);
			name = "Supporting Files";
			sourceTree = "<group>";
		};
		6E0D85881EC6F014000E7283 /* Routing */ = {
			isa = PBXGroup;
			children = (
				6E0D85891EC6F022000E7283 /* WindowRootRouter.swift.swift */,
				6E0D85911EC6F2CA000E7283 /* HomepageRouter.swift */,
			);
			name = Routing;
			sourceTree = "<group>";
		};
		6E0D858B1EC6F13B000E7283 /* View Controllers */ = {
			isa = PBXGroup;
			children = (
				6E0D858C1EC6F144000E7283 /* Homepage */,
			);
			name = "View Controllers";
			sourceTree = "<group>";
		};
		6E0D858C1EC6F144000E7283 /* Homepage */ = {
			isa = PBXGroup;
			children = (
				6E0D858D1EC6F159000E7283 /* HomepageViewController.swift */,
				6E6E61741EC9FC4C00964076 /* HomepageCollectionViewDataSource.swift */,
				6E6E617D1ECA43FF00964076 /* HomepageItemCollectionViewCell.swift */,
				6E0D858E1EC6F159000E7283 /* HomepageViewController.xib */,
				6E6E617E1ECA43FF00964076 /* HomepageItemCollectionViewCell.xib */,
			);
			name = Homepage;
			sourceTree = "<group>";
		};
		6E0D85931EC839CB000E7283 /* Test Doubles */ = {
			isa = PBXGroup;
			children = (
				6E0D859F1EC83C02000E7283 /* AppTestDoubles.swift */,
				6E0D85991EC83B36000E7283 /* AppFactoryTestDoubles.swift */,
				7840DF881ECB78FA00A623A7 /* HomepageFeedTestDoubles.swift */,
				6E0D85B11EC9715D000E7283 /* HomepageServiceTestDoubles.swift */,
				6E0D85B91EC973DB000E7283 /* HomepageInterfaceTestDoubles.swift */,
				6E0D85A91EC8FA63000E7283 /* RootRouterTestDoubles.swift */,
				6E0D85C61EC9AFBF000E7283 /* StubHomepageItem.swift */,
				6E6E61761ECA420A00964076 /* StubHomepageInterfaceViewModel.swift */,
				7840DF7D1ECB19A800A623A7 /* CapturingHomepageServiceLoadingDelegate.swift */,
				7840DF861ECB1F7F00A623A7 /* NetworkAdapterTestDoubles.swift */,
				7840DF8E1ECB976A00A623A7 /* HomepageFeedDelegateTestDoubles.swift */,
			);
			name = "Test Doubles";
			sourceTree = "<group>";
		};
		6E0D85961EC839F1000E7283 /* Core */ = {
			isa = PBXGroup;
			children = (
				6E0D85C11EC9A4CE000E7283 /* Homepage */,
				6E0D85971EC839FA000E7283 /* AppFactory.swift */,
				6E0D85A11EC83C2F000E7283 /* App.swift */,
				6E0D85A31EC83DF0000E7283 /* PhoneAppFactory.swift */,
				6E0D85A71EC8F9CE000E7283 /* RootRouter.swift */,
				6E0D85AB1EC8FA79000E7283 /* PhoneApp.swift */,
				6E0D85B51EC9719C000E7283 /* HomepageService.swift */,
				6E0D85B71EC9738B000E7283 /* HomepageInterface.swift */,
			);
			name = Core;
			sourceTree = "<group>";
		};
		6E0D85C11EC9A4CE000E7283 /* Homepage */ = {
			isa = PBXGroup;
			children = (
				7840DF811ECB19CC00A623A7 /* Service */,
				6E0D85C41EC9AC88000E7283 /* HomepageModule.swift */,
				6E0D85C21EC9A4DF000E7283 /* HomepagePresenter.swift */,
				6E6E61721EC9ED8400964076 /* HomepageViewModel.swift */,
			);
			name = Homepage;
			sourceTree = "<group>";
		};
		6E6E61781ECA424A00964076 /* Utilities */ = {
			isa = PBXGroup;
			children = (
				7840DF841ECB1BB400A623A7 /* Array.swift */,
				6E6E61791ECA426100964076 /* Randomness.swift */,
			);
			name = Utilities;
			sourceTree = "<group>";
		};
		7840DF811ECB19CC00A623A7 /* Service */ = {
			isa = PBXGroup;
			children = (
				7840DF821ECB19D800A623A7 /* NetworkAggregateHomepageService.swift */,
				7840DF8C1ECB974000A623A7 /* WeasylHomepageFeed.swift */,
			);
			name = Service;
			sourceTree = "<group>";
		};
		7840DF931ECB9EFC00A623A7 /* Test Data */ = {
			isa = PBXGroup;
			children = (
				7840DF941ECB9F2400A623A7 /* ValidWeasylHomepageResponse.json */,
			);
			name = "Test Data";
			sourceTree = "<group>";
		};
		789F0FFA1EC481B100FAF5F1 = {
			isa = PBXGroup;
			children = (
				789F10051EC481B100FAF5F1 /* Peekazoo */,
				789F101A1EC481B100FAF5F1 /* PeekazooTests */,
				789F10041EC481B100FAF5F1 /* Products */,
			);
			sourceTree = "<group>";
		};
		789F10041EC481B100FAF5F1 /* Products */ = {
			isa = PBXGroup;
			children = (
				789F10031EC481B100FAF5F1 /* Peekazoo.app */,
				789F10171EC481B100FAF5F1 /* PeekazooTests.xctest */,
			);
			name = Products;
			sourceTree = "<group>";
		};
		789F10051EC481B100FAF5F1 /* Peekazoo */ = {
			isa = PBXGroup;
			children = (
				6E0D85961EC839F1000E7283 /* Core */,
				6E0D85881EC6F014000E7283 /* Routing */,
				6E0D858B1EC6F13B000E7283 /* View Controllers */,
				789F10061EC481B100FAF5F1 /* AppDelegate.swift */,
				789F100D1EC481B100FAF5F1 /* Assets.xcassets */,
				789F100F1EC481B100FAF5F1 /* LaunchScreen.storyboard */,
				6E0D85851EC6EA07000E7283 /* Supporting Files */,
			);
			path = Peekazoo;
			sourceTree = "<group>";
		};
		789F101A1EC481B100FAF5F1 /* PeekazooTests */ = {
			isa = PBXGroup;
			children = (
				6E0D85A51EC8F864000E7283 /* PhoneAppTests.swift */,
				6E0D85821EC6E84D000E7283 /* AppDelegateTests.swift */,
				6E0D85861EC6EF83000E7283 /* WindowRootRouterTests.swift */,
				6E0D85AD1EC8FD66000E7283 /* HomepageViewControllerTests.swift */,
				788B0D091ECB17E30035C26A /* NetworkAggregateHomepageServiceTests.swift */,
				7840DF8A1ECB949900A623A7 /* WeasylHomepageFeedTests.swift */,
				7840DF931ECB9EFC00A623A7 /* Test Data */,
				6E0D85931EC839CB000E7283 /* Test Doubles */,
				6E6E61781ECA424A00964076 /* Utilities */,
				6E0D85841EC6EA01000E7283 /* Supporting Files */,
			);
			path = PeekazooTests;
			sourceTree = "<group>";
		};
/* End PBXGroup section */

/* Begin PBXNativeTarget section */
		789F10021EC481B100FAF5F1 /* Peekazoo */ = {
			isa = PBXNativeTarget;
			buildConfigurationList = 789F10201EC481B100FAF5F1 /* Build configuration list for PBXNativeTarget "Peekazoo" */;
			buildPhases = (
				789F10261EC4835E00FAF5F1 /* Swiftlint */,
				789F0FFF1EC481B100FAF5F1 /* Sources */,
				789F10001EC481B100FAF5F1 /* Frameworks */,
				789F10011EC481B100FAF5F1 /* Resources */,
			);
			buildRules = (
			);
			dependencies = (
			);
			name = Peekazoo;
			productName = Peekazoo;
			productReference = 789F10031EC481B100FAF5F1 /* Peekazoo.app */;
			productType = "com.apple.product-type.application";
		};
		789F10161EC481B100FAF5F1 /* PeekazooTests */ = {
			isa = PBXNativeTarget;
			buildConfigurationList = 789F10231EC481B100FAF5F1 /* Build configuration list for PBXNativeTarget "PeekazooTests" */;
			buildPhases = (
				789F10131EC481B100FAF5F1 /* Sources */,
				789F10141EC481B100FAF5F1 /* Frameworks */,
				789F10151EC481B100FAF5F1 /* Resources */,
			);
			buildRules = (
			);
			dependencies = (
				789F10191EC481B100FAF5F1 /* PBXTargetDependency */,
			);
			name = PeekazooTests;
			productName = PeekazooTests;
			productReference = 789F10171EC481B100FAF5F1 /* PeekazooTests.xctest */;
			productType = "com.apple.product-type.bundle.unit-test";
		};
/* End PBXNativeTarget section */

/* Begin PBXProject section */
		789F0FFB1EC481B100FAF5F1 /* Project object */ = {
			isa = PBXProject;
			attributes = {
				LastSwiftUpdateCheck = 0830;
				LastUpgradeCheck = 0830;
				ORGANIZATIONNAME = Peekazoo;
				TargetAttributes = {
					789F10021EC481B100FAF5F1 = {
						CreatedOnToolsVersion = 8.3;
						ProvisioningStyle = Automatic;
					};
					789F10161EC481B100FAF5F1 = {
						CreatedOnToolsVersion = 8.3;
						ProvisioningStyle = Automatic;
						TestTargetID = 789F10021EC481B100FAF5F1;
					};
				};
			};
			buildConfigurationList = 789F0FFE1EC481B100FAF5F1 /* Build configuration list for PBXProject "Peekazoo" */;
			compatibilityVersion = "Xcode 3.2";
			developmentRegion = English;
			hasScannedForEncodings = 0;
			knownRegions = (
				en,
				Base,
			);
			mainGroup = 789F0FFA1EC481B100FAF5F1;
			productRefGroup = 789F10041EC481B100FAF5F1 /* Products */;
			projectDirPath = "";
			projectRoot = "";
			targets = (
				789F10021EC481B100FAF5F1 /* Peekazoo */,
				789F10161EC481B100FAF5F1 /* PeekazooTests */,
			);
		};
/* End PBXProject section */

/* Begin PBXResourcesBuildPhase section */
		789F10011EC481B100FAF5F1 /* Resources */ = {
			isa = PBXResourcesBuildPhase;
			buildActionMask = 2147483647;
			files = (
				789F10111EC481B100FAF5F1 /* LaunchScreen.storyboard in Resources */,
				6E0D85901EC6F159000E7283 /* HomepageViewController.xib in Resources */,
				789F100E1EC481B100FAF5F1 /* Assets.xcassets in Resources */,
				6E6E61801ECA43FF00964076 /* HomepageItemCollectionViewCell.xib in Resources */,
			);
			runOnlyForDeploymentPostprocessing = 0;
		};
		789F10151EC481B100FAF5F1 /* Resources */ = {
			isa = PBXResourcesBuildPhase;
			buildActionMask = 2147483647;
			files = (
				7840DF951ECB9F2400A623A7 /* ValidWeasylHomepageResponse.json in Resources */,
			);
			runOnlyForDeploymentPostprocessing = 0;
		};
/* End PBXResourcesBuildPhase section */

/* Begin PBXShellScriptBuildPhase section */
		789F10261EC4835E00FAF5F1 /* Swiftlint */ = {
			isa = PBXShellScriptBuildPhase;
			buildActionMask = 2147483647;
			files = (
			);
			inputPaths = (
			);
			name = Swiftlint;
			outputPaths = (
			);
			runOnlyForDeploymentPostprocessing = 0;
			shellPath = /bin/sh;
			shellScript = "if which swiftlint >/dev/null; then\n    swiftlint autocorrect\nelse\n    echo \"warning: SwiftLint not installed, download from https://github.com/realm/SwiftLint\"\nfi";
		};
/* End PBXShellScriptBuildPhase section */

/* Begin PBXSourcesBuildPhase section */
		789F0FFF1EC481B100FAF5F1 /* Sources */ = {
			isa = PBXSourcesBuildPhase;
			buildActionMask = 2147483647;
			files = (
				6E0D85A81EC8F9CE000E7283 /* RootRouter.swift in Sources */,
				6E0D858A1EC6F022000E7283 /* WindowRootRouter.swift.swift in Sources */,
				6E0D85A41EC83DF0000E7283 /* PhoneAppFactory.swift in Sources */,
				789F10071EC481B100FAF5F1 /* AppDelegate.swift in Sources */,
				6E0D85C31EC9A4DF000E7283 /* HomepagePresenter.swift in Sources */,
				6E0D85921EC6F2CA000E7283 /* HomepageRouter.swift in Sources */,
				7840DF8D1ECB974000A623A7 /* WeasylHomepageFeed.swift in Sources */,
				6E0D85A21EC83C2F000E7283 /* App.swift in Sources */,
				6E0D85B81EC9738B000E7283 /* HomepageInterface.swift in Sources */,
				6E0D858F1EC6F159000E7283 /* HomepageViewController.swift in Sources */,
				6E0D85981EC839FA000E7283 /* AppFactory.swift in Sources */,
				6E6E61731EC9ED8400964076 /* HomepageViewModel.swift in Sources */,
				7840DF831ECB19D800A623A7 /* NetworkAggregateHomepageService.swift in Sources */,
				6E6E617F1ECA43FF00964076 /* HomepageItemCollectionViewCell.swift in Sources */,
				6E0D85C51EC9AC88000E7283 /* HomepageModule.swift in Sources */,
				6E6E61751EC9FC4C00964076 /* HomepageCollectionViewDataSource.swift in Sources */,
				6E0D85AC1EC8FA79000E7283 /* PhoneApp.swift in Sources */,
				6E0D85B61EC9719C000E7283 /* HomepageService.swift in Sources */,
			);
			runOnlyForDeploymentPostprocessing = 0;
		};
		789F10131EC481B100FAF5F1 /* Sources */ = {
			isa = PBXSourcesBuildPhase;
			buildActionMask = 2147483647;
			files = (
				7840DF8F1ECB976A00A623A7 /* HomepageFeedDelegateTestDoubles.swift in Sources */,
				6E0D85A61EC8F864000E7283 /* PhoneAppTests.swift in Sources */,
				6E6E617A1ECA426100964076 /* Randomness.swift in Sources */,
				6E0D85A01EC83C02000E7283 /* AppTestDoubles.swift in Sources */,
				788B0D0A1ECB17E30035C26A /* NetworkAggregateHomepageServiceTests.swift in Sources */,
				7840DF851ECB1BB400A623A7 /* Array.swift in Sources */,
				7840DF871ECB1F7F00A623A7 /* NetworkAdapterTestDoubles.swift in Sources */,
				6E0D85AE1EC8FD66000E7283 /* HomepageViewControllerTests.swift in Sources */,
				6E0D85871EC6EF83000E7283 /* WindowRootRouterTests.swift in Sources */,
				6E0D85B21EC9715D000E7283 /* HomepageServiceTestDoubles.swift in Sources */,
				7840DF891ECB78FA00A623A7 /* HomepageFeedTestDoubles.swift in Sources */,
				7840DF7E1ECB19A800A623A7 /* CapturingHomepageServiceLoadingDelegate.swift in Sources */,
				6E0D85BA1EC973DB000E7283 /* HomepageInterfaceTestDoubles.swift in Sources */,
				7840DF8B1ECB949900A623A7 /* WeasylHomepageFeedTests.swift in Sources */,
				6E0D85831EC6E84D000E7283 /* AppDelegateTests.swift in Sources */,
				6E0D85C71EC9AFBF000E7283 /* StubHomepageItem.swift in Sources */,
				6E6E61771ECA420A00964076 /* StubHomepageInterfaceViewModel.swift in Sources */,
				6E0D859A1EC83B36000E7283 /* AppFactoryTestDoubles.swift in Sources */,
				6E0D85AA1EC8FA63000E7283 /* RootRouterTestDoubles.swift in Sources */,
			);
			runOnlyForDeploymentPostprocessing = 0;
		};
/* End PBXSourcesBuildPhase section */

/* Begin PBXTargetDependency section */
		789F10191EC481B100FAF5F1 /* PBXTargetDependency */ = {
			isa = PBXTargetDependency;
			target = 789F10021EC481B100FAF5F1 /* Peekazoo */;
			targetProxy = 789F10181EC481B100FAF5F1 /* PBXContainerItemProxy */;
		};
/* End PBXTargetDependency section */

/* Begin PBXVariantGroup section */
		789F100F1EC481B100FAF5F1 /* LaunchScreen.storyboard */ = {
			isa = PBXVariantGroup;
			children = (
				789F10101EC481B100FAF5F1 /* Base */,
			);
			name = LaunchScreen.storyboard;
			sourceTree = "<group>";
		};
/* End PBXVariantGroup section */

/* Begin XCBuildConfiguration section */
		789F101E1EC481B100FAF5F1 /* Debug */ = {
			isa = XCBuildConfiguration;
			buildSettings = {
				ALWAYS_SEARCH_USER_PATHS = NO;
				CLANG_ANALYZER_LOCALIZABILITY_NONLOCALIZED = YES;
				CLANG_ANALYZER_NONNULL = YES;
				CLANG_ANALYZER_NUMBER_OBJECT_CONVERSION = YES_AGGRESSIVE;
				CLANG_CXX_LANGUAGE_STANDARD = "gnu++0x";
				CLANG_CXX_LIBRARY = "libc++";
				CLANG_ENABLE_MODULES = YES;
				CLANG_ENABLE_OBJC_ARC = YES;
				CLANG_WARN_ASSIGN_ENUM = YES;
				CLANG_WARN_BOOL_CONVERSION = YES;
				CLANG_WARN_CONSTANT_CONVERSION = YES;
				CLANG_WARN_DEPRECATED_OBJC_IMPLEMENTATIONS = YES;
				CLANG_WARN_DIRECT_OBJC_ISA_USAGE = YES_ERROR;
				CLANG_WARN_DOCUMENTATION_COMMENTS = YES;
				CLANG_WARN_EMPTY_BODY = YES;
				CLANG_WARN_ENUM_CONVERSION = YES;
				CLANG_WARN_INFINITE_RECURSION = YES;
				CLANG_WARN_INT_CONVERSION = YES;
				CLANG_WARN_OBJC_IMPLICIT_RETAIN_SELF = YES;
				CLANG_WARN_OBJC_REPEATED_USE_OF_WEAK = YES;
				CLANG_WARN_OBJC_ROOT_CLASS = YES_ERROR;
				CLANG_WARN_SUSPICIOUS_MOVE = YES;
				CLANG_WARN_UNREACHABLE_CODE = YES;
				CLANG_WARN__DUPLICATE_METHOD_MATCH = YES;
				"CODE_SIGN_IDENTITY[sdk=iphoneos*]" = "iPhone Developer";
				COPY_PHASE_STRIP = NO;
				DEBUG_INFORMATION_FORMAT = dwarf;
				ENABLE_STRICT_OBJC_MSGSEND = YES;
				ENABLE_TESTABILITY = YES;
				GCC_C_LANGUAGE_STANDARD = gnu99;
				GCC_DYNAMIC_NO_PIC = NO;
				GCC_NO_COMMON_BLOCKS = YES;
				GCC_OPTIMIZATION_LEVEL = 0;
				GCC_PREPROCESSOR_DEFINITIONS = (
					"DEBUG=1",
					"$(inherited)",
				);
				GCC_WARN_64_TO_32_BIT_CONVERSION = YES;
				GCC_WARN_ABOUT_MISSING_NEWLINE = YES;
				GCC_WARN_ABOUT_RETURN_TYPE = YES_ERROR;
				GCC_WARN_SHADOW = YES;
				GCC_WARN_UNDECLARED_SELECTOR = YES;
				GCC_WARN_UNINITIALIZED_AUTOS = YES_AGGRESSIVE;
				GCC_WARN_UNUSED_FUNCTION = YES;
				GCC_WARN_UNUSED_PARAMETER = YES;
				GCC_WARN_UNUSED_VARIABLE = YES;
				IPHONEOS_DEPLOYMENT_TARGET = 10.0;
				MTL_ENABLE_DEBUG_INFO = YES;
				ONLY_ACTIVE_ARCH = YES;
				SDKROOT = iphoneos;
				SWIFT_ACTIVE_COMPILATION_CONDITIONS = DEBUG;
				SWIFT_OPTIMIZATION_LEVEL = "-Onone";
				TARGETED_DEVICE_FAMILY = "1,2";
			};
			name = Debug;
		};
		789F101F1EC481B100FAF5F1 /* Release */ = {
			isa = XCBuildConfiguration;
			buildSettings = {
				ALWAYS_SEARCH_USER_PATHS = NO;
				CLANG_ANALYZER_LOCALIZABILITY_NONLOCALIZED = YES;
				CLANG_ANALYZER_NONNULL = YES;
				CLANG_ANALYZER_NUMBER_OBJECT_CONVERSION = YES_AGGRESSIVE;
				CLANG_CXX_LANGUAGE_STANDARD = "gnu++0x";
				CLANG_CXX_LIBRARY = "libc++";
				CLANG_ENABLE_MODULES = YES;
				CLANG_ENABLE_OBJC_ARC = YES;
				CLANG_WARN_ASSIGN_ENUM = YES;
				CLANG_WARN_BOOL_CONVERSION = YES;
				CLANG_WARN_CONSTANT_CONVERSION = YES;
				CLANG_WARN_DEPRECATED_OBJC_IMPLEMENTATIONS = YES;
				CLANG_WARN_DIRECT_OBJC_ISA_USAGE = YES_ERROR;
				CLANG_WARN_DOCUMENTATION_COMMENTS = YES;
				CLANG_WARN_EMPTY_BODY = YES;
				CLANG_WARN_ENUM_CONVERSION = YES;
				CLANG_WARN_INFINITE_RECURSION = YES;
				CLANG_WARN_INT_CONVERSION = YES;
				CLANG_WARN_OBJC_IMPLICIT_RETAIN_SELF = YES;
				CLANG_WARN_OBJC_REPEATED_USE_OF_WEAK = YES;
				CLANG_WARN_OBJC_ROOT_CLASS = YES_ERROR;
				CLANG_WARN_SUSPICIOUS_MOVE = YES;
				CLANG_WARN_UNREACHABLE_CODE = YES;
				CLANG_WARN__DUPLICATE_METHOD_MATCH = YES;
				"CODE_SIGN_IDENTITY[sdk=iphoneos*]" = "iPhone Developer";
				COPY_PHASE_STRIP = NO;
				DEBUG_INFORMATION_FORMAT = "dwarf-with-dsym";
				ENABLE_NS_ASSERTIONS = NO;
				ENABLE_STRICT_OBJC_MSGSEND = YES;
				GCC_C_LANGUAGE_STANDARD = gnu99;
				GCC_NO_COMMON_BLOCKS = YES;
				GCC_WARN_64_TO_32_BIT_CONVERSION = YES;
				GCC_WARN_ABOUT_MISSING_NEWLINE = YES;
				GCC_WARN_ABOUT_RETURN_TYPE = YES_ERROR;
				GCC_WARN_SHADOW = YES;
				GCC_WARN_UNDECLARED_SELECTOR = YES;
				GCC_WARN_UNINITIALIZED_AUTOS = YES_AGGRESSIVE;
				GCC_WARN_UNUSED_FUNCTION = YES;
				GCC_WARN_UNUSED_PARAMETER = YES;
				GCC_WARN_UNUSED_VARIABLE = YES;
				IPHONEOS_DEPLOYMENT_TARGET = 10.0;
				MTL_ENABLE_DEBUG_INFO = NO;
				SDKROOT = iphoneos;
				SWIFT_OPTIMIZATION_LEVEL = "-Owholemodule";
				TARGETED_DEVICE_FAMILY = "1,2";
				VALIDATE_PRODUCT = YES;
			};
			name = Release;
		};
		789F10211EC481B100FAF5F1 /* Debug */ = {
			isa = XCBuildConfiguration;
			buildSettings = {
				ASSETCATALOG_COMPILER_APPICON_NAME = AppIcon;
				INFOPLIST_FILE = Peekazoo/Info.plist;
				LD_RUNPATH_SEARCH_PATHS = "$(inherited) @executable_path/Frameworks";
				PRODUCT_BUNDLE_IDENTIFIER = org.uk.peekazoo.Peekazoo;
				PRODUCT_NAME = "$(TARGET_NAME)";
				SWIFT_VERSION = 3.0;
			};
			name = Debug;
		};
		789F10221EC481B100FAF5F1 /* Release */ = {
			isa = XCBuildConfiguration;
			buildSettings = {
				ASSETCATALOG_COMPILER_APPICON_NAME = AppIcon;
				INFOPLIST_FILE = Peekazoo/Info.plist;
				LD_RUNPATH_SEARCH_PATHS = "$(inherited) @executable_path/Frameworks";
				PRODUCT_BUNDLE_IDENTIFIER = org.uk.peekazoo.Peekazoo;
				PRODUCT_NAME = "$(TARGET_NAME)";
				SWIFT_VERSION = 3.0;
			};
			name = Release;
		};
		789F10241EC481B100FAF5F1 /* Debug */ = {
			isa = XCBuildConfiguration;
			buildSettings = {
				ALWAYS_EMBED_SWIFT_STANDARD_LIBRARIES = YES;
				BUNDLE_LOADER = "$(TEST_HOST)";
				INFOPLIST_FILE = PeekazooTests/Info.plist;
				LD_RUNPATH_SEARCH_PATHS = "$(inherited) @executable_path/Frameworks @loader_path/Frameworks";
				PRODUCT_BUNDLE_IDENTIFIER = org.uk.peekazoo.PeekazooTests;
				PRODUCT_NAME = "$(TARGET_NAME)";
				SWIFT_VERSION = 3.0;
				TEST_HOST = "$(BUILT_PRODUCTS_DIR)/Peekazoo.app/Peekazoo";
			};
			name = Debug;
		};
		789F10251EC481B100FAF5F1 /* Release */ = {
			isa = XCBuildConfiguration;
			buildSettings = {
				ALWAYS_EMBED_SWIFT_STANDARD_LIBRARIES = YES;
				BUNDLE_LOADER = "$(TEST_HOST)";
				INFOPLIST_FILE = PeekazooTests/Info.plist;
				LD_RUNPATH_SEARCH_PATHS = "$(inherited) @executable_path/Frameworks @loader_path/Frameworks";
				PRODUCT_BUNDLE_IDENTIFIER = org.uk.peekazoo.PeekazooTests;
				PRODUCT_NAME = "$(TARGET_NAME)";
				SWIFT_VERSION = 3.0;
				TEST_HOST = "$(BUILT_PRODUCTS_DIR)/Peekazoo.app/Peekazoo";
			};
			name = Release;
		};
/* End XCBuildConfiguration section */

/* Begin XCConfigurationList section */
		789F0FFE1EC481B100FAF5F1 /* Build configuration list for PBXProject "Peekazoo" */ = {
			isa = XCConfigurationList;
			buildConfigurations = (
				789F101E1EC481B100FAF5F1 /* Debug */,
				789F101F1EC481B100FAF5F1 /* Release */,
			);
			defaultConfigurationIsVisible = 0;
			defaultConfigurationName = Release;
		};
		789F10201EC481B100FAF5F1 /* Build configuration list for PBXNativeTarget "Peekazoo" */ = {
			isa = XCConfigurationList;
			buildConfigurations = (
				789F10211EC481B100FAF5F1 /* Debug */,
				789F10221EC481B100FAF5F1 /* Release */,
			);
			defaultConfigurationIsVisible = 0;
			defaultConfigurationName = Release;
		};
		789F10231EC481B100FAF5F1 /* Build configuration list for PBXNativeTarget "PeekazooTests" */ = {
			isa = XCConfigurationList;
			buildConfigurations = (
				789F10241EC481B100FAF5F1 /* Debug */,
				789F10251EC481B100FAF5F1 /* Release */,
			);
			defaultConfigurationIsVisible = 0;
			defaultConfigurationName = Release;
		};
/* End XCConfigurationList section */
	};
	rootObject = 789F0FFB1EC481B100FAF5F1 /* Project object */;
}
